
Microsoft Visual Studio Solution File, Format Version 12.00
# Visual Studio Version 16
VisualStudioVersion = 16.0.34114.132
MinimumVisualStudioVersion = 10.0.40219.1
Project("{FAE04EC0-301F-11D3-BF4B-00C04F79EFBC}") = "35_2_inevatkin_lab1", "35_2_inevatkin_lab1\35_2_inevatkin_lab1.csproj", "{9D519EDD-699C-4CCD-A9F6-517F078299B6}"
EndProject
Global
	GlobalSection(SolutionConfigurationPlatforms) = preSolution
		Debug|Any CPU = Debug|Any CPU
		Release|Any CPU = Release|Any CPU
	EndGlobalSection
	GlobalSection(ProjectConfigurationPlatforms) = postSolution
		{9D519EDD-699C-4CCD-A9F6-517F078299B6}.Debug|Any CPU.ActiveCfg = Debug|Any CPU
		{9D519EDD-699C-4CCD-A9F6-517F078299B6}.Debug|Any CPU.Build.0 = Debug|Any CPU
		{9D519EDD-699C-4CCD-A9F6-517F078299B6}.Release|Any CPU.ActiveCfg = Release|Any CPU
		{9D519EDD-699C-4CCD-A9F6-517F078299B6}.Release|Any CPU.Build.0 = Release|Any CPU
	EndGlobalSection
	GlobalSection(SolutionProperties) = preSolution
		HideSolutionNode = FALSE
	EndGlobalSection
	GlobalSection(ExtensibilityGlobals) = postSolution
		SolutionGuid = {442EC5E2-14D1-43DF-8633-6C3A9D2E5041}
	EndGlobalSection
EndGlobal
